
Microsoft Visual Studio Solution File, Format Version 12.00
# Visual Studio Version 16
VisualStudioVersion = 16.0.30517.126
MinimumVisualStudioVersion = 10.0.40219.1
Project("{FAE04EC0-301F-11D3-BF4B-00C04F79EFBC}") = "Peliculas_Mvc", "Peliculas_Mvc\Peliculas_Mvc.csproj", "{32B5E9F5-CD63-4633-BF72-518D46D9C915}"
EndProject
Global
	GlobalSection(SolutionConfigurationPlatforms) = preSolution
		Debug|Any CPU = Debug|Any CPU
		Release|Any CPU = Release|Any CPU
	EndGlobalSection
	GlobalSection(ProjectConfigurationPlatforms) = postSolution
		{32B5E9F5-CD63-4633-BF72-518D46D9C915}.Debug|Any CPU.ActiveCfg = Debug|Any CPU
		{32B5E9F5-CD63-4633-BF72-518D46D9C915}.Debug|Any CPU.Build.0 = Debug|Any CPU
		{32B5E9F5-CD63-4633-BF72-518D46D9C915}.Release|Any CPU.ActiveCfg = Release|Any CPU
		{32B5E9F5-CD63-4633-BF72-518D46D9C915}.Release|Any CPU.Build.0 = Release|Any CPU
	EndGlobalSection
	GlobalSection(SolutionProperties) = preSolution
		HideSolutionNode = FALSE
	EndGlobalSection
	GlobalSection(ExtensibilityGlobals) = postSolution
		SolutionGuid = {3A683C82-4B45-477A-AF2A-F1842B7CBB44}
	EndGlobalSection
EndGlobal
